// !$*UTF8*$!
{
	archiveVersion = 1;
	classes = {
	};
	objectVersion = 60;
	objects = {

/* Begin PBXBuildFile section */
		4F0659142C49725B00251655 /* RobotLoader.swift in Sources */ = {isa = PBXBuildFile; fileRef = 4F0659132C49725B00251655 /* RobotLoader.swift */; };
		4F06593D2C4BDE6F00251655 /* RobotData+Equtable.swift in Sources */ = {isa = PBXBuildFile; fileRef = 4F06593C2C4BDE6F00251655 /* RobotData+Equtable.swift */; };
		4F0659422C4C040000251655 /* Exploration.swift in Sources */ = {isa = PBXBuildFile; fileRef = 4F0659412C4C040000251655 /* Exploration.swift */; };
		4F0659442C4C040C00251655 /* Exploration+ContentView.swift in Sources */ = {isa = PBXBuildFile; fileRef = 4F0659432C4C040B00251655 /* Exploration+ContentView.swift */; };
		4F0659482C4C04E300251655 /* ExplorationViewController.mm in Sources */ = {isa = PBXBuildFile; fileRef = 4F0659472C4C04E300251655 /* ExplorationViewController.mm */; };
		4F06594A2C4C095D00251655 /* autumn_field_puresky_1k.png in Resources */ = {isa = PBXBuildFile; fileRef = 4F0659492C4C095D00251655 /* autumn_field_puresky_1k.png */; platformFilter = ios; };
		4F06594C2C4C09D200251655 /* Exploration+ContentViewModel.swift in Sources */ = {isa = PBXBuildFile; fileRef = 4F06594B2C4C09D200251655 /* Exploration+ContentViewModel.swift */; };
		4F06594E2C4CD1C200251655 /* Exploration+RobotCharacter.swift in Sources */ = {isa = PBXBuildFile; fileRef = 4F06594D2C4CD1BB00251655 /* Exploration+RobotCharacter.swift */; };
		4F0ECBA72C4813790077673A /* RobotCustomizationPickerViewModel.mm in Sources */ = {isa = PBXBuildFile; fileRef = 4F0ECBA62C4813790077673A /* RobotCustomizationPickerViewModel.mm */; };
		4F0ECBAA2C4813CF0077673A /* RobotCustomizationPickerSectionModel.mm in Sources */ = {isa = PBXBuildFile; fileRef = 4F0ECBA92C4813CF0077673A /* RobotCustomizationPickerSectionModel.mm */; };
		4F0ECBAD2C4815110077673A /* RobotCustomizationPickerItemModel.mm in Sources */ = {isa = PBXBuildFile; fileRef = 4F0ECBAC2C4815110077673A /* RobotCustomizationPickerItemModel.mm */; };
		4F15FA3A2C4EA94E0083DCA7 /* mainHandler.swift in Sources */ = {isa = PBXBuildFile; fileRef = 4F15FA392C4EA94E0083DCA7 /* mainHandler.swift */; };
		4F15FA3C2C4EB28B0083DCA7 /* JointPinComponent.swift in Sources */ = {isa = PBXBuildFile; fileRef = 4F15FA3B2C4EB28B0083DCA7 /* JointPinComponent.swift */; };
		4F15FA3E2C4EB79E0083DCA7 /* JointPinSystem.swift in Sources */ = {isa = PBXBuildFile; fileRef = 4F15FA3D2C4EB79E0083DCA7 /* JointPinSystem.swift */; };
		4F1870622C50A62E00B3ACDB /* PlantAnimationProvider.swift in Sources */ = {isa = PBXBuildFile; fileRef = 4F1870612C50A62E00B3ACDB /* PlantAnimationProvider.swift */; };
		4F61D03C2C4D4A7800840A45 /* RobotLoader+AnimationState.swift in Sources */ = {isa = PBXBuildFile; fileRef = 4F61D03B2C4D4A7800840A45 /* RobotLoader+AnimationState.swift */; };
		4F6268BA2C4942AA00F19F50 /* RobotPreview+ContentView.swift in Sources */ = {isa = PBXBuildFile; fileRef = 4F6268B92C4942AA00F19F50 /* RobotPreview+ContentView.swift */; };
		4F6268BD2C49464400F19F50 /* RobotPreview.swift in Sources */ = {isa = PBXBuildFile; fileRef = 4F6268BC2C49464400F19F50 /* RobotPreview.swift */; };
		4F6268BF2C4946F500F19F50 /* RobotPreview+ContentViewModel.swift in Sources */ = {isa = PBXBuildFile; fileRef = 4F6268BE2C4946F500F19F50 /* RobotPreview+ContentViewModel.swift */; };
		4F6268C22C4947C100F19F50 /* BOTanistAssets in Frameworks */ = {isa = PBXBuildFile; productRef = 4F6268C12C4947C100F19F50 /* BOTanistAssets */; };
		4F6801CE2C46D8EE00EF97A9 /* AppDelegate.m in Sources */ = {isa = PBXBuildFile; fileRef = 4F6801CD2C46D8EE00EF97A9 /* AppDelegate.m */; };
		4F6801D12C46D8EE00EF97A9 /* SceneDelegate.mm in Sources */ = {isa = PBXBuildFile; fileRef = 4F6801D02C46D8EE00EF97A9 /* SceneDelegate.mm */; };
		4F6801D92C46D8EF00EF97A9 /* Assets.xcassets in Resources */ = {isa = PBXBuildFile; fileRef = 4F6801D82C46D8EF00EF97A9 /* Assets.xcassets */; };
		4F6801DC2C46D8EF00EF97A9 /* Base in Resources */ = {isa = PBXBuildFile; fileRef = 4F6801DB2C46D8EF00EF97A9 /* Base */; platformFilter = ios; };
		4F6801DF2C46D8EF00EF97A9 /* main.mm in Sources */ = {isa = PBXBuildFile; fileRef = 4F6801DE2C46D8EF00EF97A9 /* main.mm */; };
		4FA0A3A52C4A3DF900CE0700 /* CxxConvertibleToCollection+Sequence.swift in Sources */ = {isa = PBXBuildFile; fileRef = 4FA0A3A42C4A3DF900CE0700 /* CxxConvertibleToCollection+Sequence.swift */; };
		4FB35EAE2C46DA7500BFF649 /* RobotCustomizationPickerViewController.mm in Sources */ = {isa = PBXBuildFile; fileRef = 4FB35EAD2C46DA7500BFF649 /* RobotCustomizationPickerViewController.mm */; };
		4FB35EF22C4787E700BFF649 /* RobotCustomizationSplitViewController.mm in Sources */ = {isa = PBXBuildFile; fileRef = 4FB35EF12C4787E700BFF649 /* RobotCustomizationSplitViewController.mm */; };
		4FB35EF52C478C2C00BFF649 /* RobotPreviewViewController.mm in Sources */ = {isa = PBXBuildFile; fileRef = 4FB35EF42C478C2C00BFF649 /* RobotPreviewViewController.mm */; };
		4FC88CED2C48178300D4C69A /* RobotData.mm in Sources */ = {isa = PBXBuildFile; fileRef = 4FC88CEC2C48178300D4C69A /* RobotData.mm */; };
		4FD6F6532C4A7EA100FA4CC4 /* Entity+forEachDescendant.swift in Sources */ = {isa = PBXBuildFile; fileRef = 4FD6F6522C4A7EA100FA4CC4 /* Entity+forEachDescendant.swift */; };
		4FD6F6552C4B8B6A00FA4CC4 /* RobotData_Part+Suffix.swift in Sources */ = {isa = PBXBuildFile; fileRef = 4FD6F6542C4B8B6A00FA4CC4 /* RobotData_Part+Suffix.swift */; };
		4FD6F6572C4B91B600FA4CC4 /* RobotData_MaterialColor+Index.swift in Sources */ = {isa = PBXBuildFile; fileRef = 4FD6F6562C4B91B600FA4CC4 /* RobotData_MaterialColor+Index.swift */; };
		4FD6F6592C4B9BCC00FA4CC4 /* RobotData_LightColor+Index.swift in Sources */ = {isa = PBXBuildFile; fileRef = 4FD6F6582C4B9BCC00FA4CC4 /* RobotData_LightColor+Index.swift */; };
		4FD6F65B2C4B9E0500FA4CC4 /* RobotData_Face+Index.swift in Sources */ = {isa = PBXBuildFile; fileRef = 4FD6F65A2C4B9E0500FA4CC4 /* RobotData_Face+Index.swift */; };
/* End PBXBuildFile section */

/* Begin PBXFileReference section */
		4F0659132C49725B00251655 /* RobotLoader.swift */ = {isa = PBXFileReference; lastKnownFileType = sourcecode.swift; path = RobotLoader.swift; sourceTree = "<group>"; };
		4F06593C2C4BDE6F00251655 /* RobotData+Equtable.swift */ = {isa = PBXFileReference; lastKnownFileType = sourcecode.swift; path = "RobotData+Equtable.swift"; sourceTree = "<group>"; };
		4F0659412C4C040000251655 /* Exploration.swift */ = {isa = PBXFileReference; lastKnownFileType = sourcecode.swift; path = Exploration.swift; sourceTree = "<group>"; };
		4F0659432C4C040B00251655 /* Exploration+ContentView.swift */ = {isa = PBXFileReference; lastKnownFileType = sourcecode.swift; path = "Exploration+ContentView.swift"; sourceTree = "<group>"; };
		4F0659462C4C04E300251655 /* ExplorationViewController.h */ = {isa = PBXFileReference; lastKnownFileType = sourcecode.c.h; path = ExplorationViewController.h; sourceTree = "<group>"; };
		4F0659472C4C04E300251655 /* ExplorationViewController.mm */ = {isa = PBXFileReference; lastKnownFileType = sourcecode.cpp.objcpp; path = ExplorationViewController.mm; sourceTree = "<group>"; };
		4F0659492C4C095D00251655 /* autumn_field_puresky_1k.png */ = {isa = PBXFileReference; lastKnownFileType = image.png; path = autumn_field_puresky_1k.png; sourceTree = "<group>"; };
		4F06594B2C4C09D200251655 /* Exploration+ContentViewModel.swift */ = {isa = PBXFileReference; lastKnownFileType = sourcecode.swift; path = "Exploration+ContentViewModel.swift"; sourceTree = "<group>"; };
		4F06594D2C4CD1BB00251655 /* Exploration+RobotCharacter.swift */ = {isa = PBXFileReference; lastKnownFileType = sourcecode.swift; path = "Exploration+RobotCharacter.swift"; sourceTree = "<group>"; };
		4F0ECBA52C4813790077673A /* RobotCustomizationPickerViewModel.h */ = {isa = PBXFileReference; lastKnownFileType = sourcecode.c.h; path = RobotCustomizationPickerViewModel.h; sourceTree = "<group>"; };
		4F0ECBA62C4813790077673A /* RobotCustomizationPickerViewModel.mm */ = {isa = PBXFileReference; lastKnownFileType = sourcecode.cpp.objcpp; path = RobotCustomizationPickerViewModel.mm; sourceTree = "<group>"; };
		4F0ECBA82C4813CF0077673A /* RobotCustomizationPickerSectionModel.h */ = {isa = PBXFileReference; lastKnownFileType = sourcecode.c.h; path = RobotCustomizationPickerSectionModel.h; sourceTree = "<group>"; };
		4F0ECBA92C4813CF0077673A /* RobotCustomizationPickerSectionModel.mm */ = {isa = PBXFileReference; lastKnownFileType = sourcecode.cpp.objcpp; path = RobotCustomizationPickerSectionModel.mm; sourceTree = "<group>"; };
		4F0ECBAB2C4815110077673A /* RobotCustomizationPickerItemModel.h */ = {isa = PBXFileReference; lastKnownFileType = sourcecode.c.h; path = RobotCustomizationPickerItemModel.h; sourceTree = "<group>"; };
		4F0ECBAC2C4815110077673A /* RobotCustomizationPickerItemModel.mm */ = {isa = PBXFileReference; lastKnownFileType = sourcecode.cpp.objcpp; path = RobotCustomizationPickerItemModel.mm; sourceTree = "<group>"; };
		4F15FA392C4EA94E0083DCA7 /* mainHandler.swift */ = {isa = PBXFileReference; lastKnownFileType = sourcecode.swift; path = mainHandler.swift; sourceTree = "<group>"; };
		4F15FA3B2C4EB28B0083DCA7 /* JointPinComponent.swift */ = {isa = PBXFileReference; lastKnownFileType = sourcecode.swift; path = JointPinComponent.swift; sourceTree = "<group>"; };
		4F15FA3D2C4EB79E0083DCA7 /* JointPinSystem.swift */ = {isa = PBXFileReference; lastKnownFileType = sourcecode.swift; path = JointPinSystem.swift; sourceTree = "<group>"; };
		4F1870612C50A62E00B3ACDB /* PlantAnimationProvider.swift */ = {isa = PBXFileReference; lastKnownFileType = sourcecode.swift; path = PlantAnimationProvider.swift; sourceTree = "<group>"; };
		4F37EEF42C48175B00BEED2D /* BOT-anist-UIKit-Bridging-Header.h */ = {isa = PBXFileReference; lastKnownFileType = sourcecode.c.h; path = "BOT-anist-UIKit-Bridging-Header.h"; sourceTree = "<group>"; };
		4F4D430C2C529C8700D1418B /* BOT-anist-UIKit.entitlements */ = {isa = PBXFileReference; lastKnownFileType = text.plist.entitlements; path = "BOT-anist-UIKit.entitlements"; sourceTree = "<group>"; };
		4F61D03B2C4D4A7800840A45 /* RobotLoader+AnimationState.swift */ = {isa = PBXFileReference; lastKnownFileType = sourcecode.swift; path = "RobotLoader+AnimationState.swift"; sourceTree = "<group>"; };
		4F6268B92C4942AA00F19F50 /* RobotPreview+ContentView.swift */ = {isa = PBXFileReference; lastKnownFileType = sourcecode.swift; path = "RobotPreview+ContentView.swift"; sourceTree = "<group>"; };
		4F6268BC2C49464400F19F50 /* RobotPreview.swift */ = {isa = PBXFileReference; lastKnownFileType = sourcecode.swift; path = RobotPreview.swift; sourceTree = "<group>"; };
		4F6268BE2C4946F500F19F50 /* RobotPreview+ContentViewModel.swift */ = {isa = PBXFileReference; lastKnownFileType = sourcecode.swift; path = "RobotPreview+ContentViewModel.swift"; sourceTree = "<group>"; };
		4F6801C92C46D8EE00EF97A9 /* BOT-anist-UIKit.app */ = {isa = PBXFileReference; explicitFileType = wrapper.application; includeInIndex = 0; path = "BOT-anist-UIKit.app"; sourceTree = BUILT_PRODUCTS_DIR; };
		4F6801CC2C46D8EE00EF97A9 /* AppDelegate.h */ = {isa = PBXFileReference; lastKnownFileType = sourcecode.c.h; path = AppDelegate.h; sourceTree = "<group>"; };
		4F6801CD2C46D8EE00EF97A9 /* AppDelegate.m */ = {isa = PBXFileReference; lastKnownFileType = sourcecode.c.objc; path = AppDelegate.m; sourceTree = "<group>"; };
		4F6801CF2C46D8EE00EF97A9 /* SceneDelegate.h */ = {isa = PBXFileReference; lastKnownFileType = sourcecode.c.h; path = SceneDelegate.h; sourceTree = "<group>"; };
		4F6801D02C46D8EE00EF97A9 /* SceneDelegate.mm */ = {isa = PBXFileReference; lastKnownFileType = sourcecode.cpp.objcpp; path = SceneDelegate.mm; sourceTree = "<group>"; };
		4F6801D82C46D8EF00EF97A9 /* Assets.xcassets */ = {isa = PBXFileReference; lastKnownFileType = folder.assetcatalog; path = Assets.xcassets; sourceTree = "<group>"; };
		4F6801DB2C46D8EF00EF97A9 /* Base */ = {isa = PBXFileReference; lastKnownFileType = file.storyboard; name = Base; path = Base.lproj/LaunchScreen.storyboard; sourceTree = "<group>"; };
		4F6801DD2C46D8EF00EF97A9 /* Info.plist */ = {isa = PBXFileReference; lastKnownFileType = text.plist.xml; path = Info.plist; sourceTree = "<group>"; };
		4F6801DE2C46D8EF00EF97A9 /* main.mm */ = {isa = PBXFileReference; lastKnownFileType = sourcecode.cpp.objcpp; path = main.mm; sourceTree = "<group>"; };
		4FA0A3A42C4A3DF900CE0700 /* CxxConvertibleToCollection+Sequence.swift */ = {isa = PBXFileReference; lastKnownFileType = sourcecode.swift; path = "CxxConvertibleToCollection+Sequence.swift"; sourceTree = "<group>"; };
		4FB35EAC2C46DA7500BFF649 /* RobotCustomizationPickerViewController.hpp */ = {isa = PBXFileReference; lastKnownFileType = sourcecode.cpp.h; path = RobotCustomizationPickerViewController.hpp; sourceTree = "<group>"; };
		4FB35EAD2C46DA7500BFF649 /* RobotCustomizationPickerViewController.mm */ = {isa = PBXFileReference; lastKnownFileType = sourcecode.cpp.objcpp; path = RobotCustomizationPickerViewController.mm; sourceTree = "<group>"; };
		4FB35EF02C4787E700BFF649 /* RobotCustomizationSplitViewController.h */ = {isa = PBXFileReference; lastKnownFileType = sourcecode.c.h; path = RobotCustomizationSplitViewController.h; sourceTree = "<group>"; };
		4FB35EF12C4787E700BFF649 /* RobotCustomizationSplitViewController.mm */ = {isa = PBXFileReference; lastKnownFileType = sourcecode.cpp.objcpp; path = RobotCustomizationSplitViewController.mm; sourceTree = "<group>"; };
		4FB35EF32C478C2C00BFF649 /* RobotPreviewViewController.h */ = {isa = PBXFileReference; lastKnownFileType = sourcecode.c.h; path = RobotPreviewViewController.h; sourceTree = "<group>"; };
		4FB35EF42C478C2C00BFF649 /* RobotPreviewViewController.mm */ = {isa = PBXFileReference; lastKnownFileType = sourcecode.cpp.objcpp; path = RobotPreviewViewController.mm; sourceTree = "<group>"; };
		4FC88CEB2C48178300D4C69A /* RobotData.hpp */ = {isa = PBXFileReference; lastKnownFileType = sourcecode.cpp.h; path = RobotData.hpp; sourceTree = "<group>"; };
		4FC88CEC2C48178300D4C69A /* RobotData.mm */ = {isa = PBXFileReference; lastKnownFileType = sourcecode.cpp.objcpp; path = RobotData.mm; sourceTree = "<group>"; };
		4FD6F6512C4A7BA100FA4CC4 /* swiftToCxx.h */ = {isa = PBXFileReference; lastKnownFileType = sourcecode.c.h; path = swiftToCxx.h; sourceTree = "<group>"; };
		4FD6F6522C4A7EA100FA4CC4 /* Entity+forEachDescendant.swift */ = {isa = PBXFileReference; lastKnownFileType = sourcecode.swift; path = "Entity+forEachDescendant.swift"; sourceTree = "<group>"; };
		4FD6F6542C4B8B6A00FA4CC4 /* RobotData_Part+Suffix.swift */ = {isa = PBXFileReference; lastKnownFileType = sourcecode.swift; path = "RobotData_Part+Suffix.swift"; sourceTree = "<group>"; };
		4FD6F6562C4B91B600FA4CC4 /* RobotData_MaterialColor+Index.swift */ = {isa = PBXFileReference; lastKnownFileType = sourcecode.swift; path = "RobotData_MaterialColor+Index.swift"; sourceTree = "<group>"; };
		4FD6F6582C4B9BCC00FA4CC4 /* RobotData_LightColor+Index.swift */ = {isa = PBXFileReference; lastKnownFileType = sourcecode.swift; path = "RobotData_LightColor+Index.swift"; sourceTree = "<group>"; };
		4FD6F65A2C4B9E0500FA4CC4 /* RobotData_Face+Index.swift */ = {isa = PBXFileReference; lastKnownFileType = sourcecode.swift; path = "RobotData_Face+Index.swift"; sourceTree = "<group>"; };
/* End PBXFileReference section */

/* Begin PBXFrameworksBuildPhase section */
		4F6801C62C46D8EE00EF97A9 /* Frameworks */ = {
			isa = PBXFrameworksBuildPhase;
			buildActionMask = 2147483647;
			files = (
				4F6268C22C4947C100F19F50 /* BOTanistAssets in Frameworks */,
			);
			runOnlyForDeploymentPostprocessing = 0;
		};
/* End PBXFrameworksBuildPhase section */

/* Begin PBXGroup section */
		4F06593E2C4C03D600251655 /* Exploration */ = {
			isa = PBXGroup;
			children = (
				4F0659462C4C04E300251655 /* ExplorationViewController.h */,
				4F0659472C4C04E300251655 /* ExplorationViewController.mm */,
				4F0659412C4C040000251655 /* Exploration.swift */,
				4F0659432C4C040B00251655 /* Exploration+ContentView.swift */,
				4F06594B2C4C09D200251655 /* Exploration+ContentViewModel.swift */,
				4F06594D2C4CD1BB00251655 /* Exploration+RobotCharacter.swift */,
				4F15FA3B2C4EB28B0083DCA7 /* JointPinComponent.swift */,
				4F15FA3D2C4EB79E0083DCA7 /* JointPinSystem.swift */,
			);
			path = Exploration;
			sourceTree = "<group>";
		};
		4F0ECBA32C4813500077673A /* CustomizationPicker */ = {
			isa = PBXGroup;
			children = (
				4FB35EAC2C46DA7500BFF649 /* RobotCustomizationPickerViewController.hpp */,
				4FB35EAD2C46DA7500BFF649 /* RobotCustomizationPickerViewController.mm */,
				4F0ECBA52C4813790077673A /* RobotCustomizationPickerViewModel.h */,
				4F0ECBA62C4813790077673A /* RobotCustomizationPickerViewModel.mm */,
				4F0ECBA82C4813CF0077673A /* RobotCustomizationPickerSectionModel.h */,
				4F0ECBA92C4813CF0077673A /* RobotCustomizationPickerSectionModel.mm */,
				4F0ECBAB2C4815110077673A /* RobotCustomizationPickerItemModel.h */,
				4F0ECBAC2C4815110077673A /* RobotCustomizationPickerItemModel.mm */,
			);
			path = CustomizationPicker;
			sourceTree = "<group>";
		};
		4F6268BB2C49462400F19F50 /* RobotPreview */ = {
			isa = PBXGroup;
			children = (
				4FB35EF32C478C2C00BFF649 /* RobotPreviewViewController.h */,
				4FB35EF42C478C2C00BFF649 /* RobotPreviewViewController.mm */,
				4F6268BC2C49464400F19F50 /* RobotPreview.swift */,
				4F6268B92C4942AA00F19F50 /* RobotPreview+ContentView.swift */,
				4F6268BE2C4946F500F19F50 /* RobotPreview+ContentViewModel.swift */,
			);
			path = RobotPreview;
			sourceTree = "<group>";
		};
		4F6801C02C46D8EE00EF97A9 = {
			isa = PBXGroup;
			children = (
				4F6801CB2C46D8EE00EF97A9 /* BOT-anist-UIKit */,
				4F6801CA2C46D8EE00EF97A9 /* Products */,
			);
			sourceTree = "<group>";
		};
		4F6801CA2C46D8EE00EF97A9 /* Products */ = {
			isa = PBXGroup;
			children = (
				4F6801C92C46D8EE00EF97A9 /* BOT-anist-UIKit.app */,
			);
			name = Products;
			sourceTree = "<group>";
		};
		4F6801CB2C46D8EE00EF97A9 /* BOT-anist-UIKit */ = {
			isa = PBXGroup;
			children = (
				4F4D430C2C529C8700D1418B /* BOT-anist-UIKit.entitlements */,
				4F0659492C4C095D00251655 /* autumn_field_puresky_1k.png */,
				4F6801CC2C46D8EE00EF97A9 /* AppDelegate.h */,
				4F6801CD2C46D8EE00EF97A9 /* AppDelegate.m */,
				4F6801CF2C46D8EE00EF97A9 /* SceneDelegate.h */,
				4F6801D02C46D8EE00EF97A9 /* SceneDelegate.mm */,
				4FB35EF02C4787E700BFF649 /* RobotCustomizationSplitViewController.h */,
				4FB35EF12C4787E700BFF649 /* RobotCustomizationSplitViewController.mm */,
				4F0ECBA32C4813500077673A /* CustomizationPicker */,
				4F6801D82C46D8EF00EF97A9 /* Assets.xcassets */,
				4F6801DA2C46D8EF00EF97A9 /* LaunchScreen.storyboard */,
				4F6801DD2C46D8EF00EF97A9 /* Info.plist */,
				4F6801DE2C46D8EF00EF97A9 /* main.mm */,
				4F37EEF42C48175B00BEED2D /* BOT-anist-UIKit-Bridging-Header.h */,
				4FD6F6512C4A7BA100FA4CC4 /* swiftToCxx.h */,
				4FC88CEB2C48178300D4C69A /* RobotData.hpp */,
				4FC88CEC2C48178300D4C69A /* RobotData.mm */,
				4F15FA392C4EA94E0083DCA7 /* mainHandler.swift */,
				4FA0A3A42C4A3DF900CE0700 /* CxxConvertibleToCollection+Sequence.swift */,
				4FD6F6522C4A7EA100FA4CC4 /* Entity+forEachDescendant.swift */,
				4FD6F6542C4B8B6A00FA4CC4 /* RobotData_Part+Suffix.swift */,
				4F0659132C49725B00251655 /* RobotLoader.swift */,
				4F61D03B2C4D4A7800840A45 /* RobotLoader+AnimationState.swift */,
				4F06593C2C4BDE6F00251655 /* RobotData+Equtable.swift */,
				4FD6F65A2C4B9E0500FA4CC4 /* RobotData_Face+Index.swift */,
				4FD6F6562C4B91B600FA4CC4 /* RobotData_MaterialColor+Index.swift */,
				4FD6F6582C4B9BCC00FA4CC4 /* RobotData_LightColor+Index.swift */,
				4F1870612C50A62E00B3ACDB /* PlantAnimationProvider.swift */,
				4F6268BB2C49462400F19F50 /* RobotPreview */,
				4F06593E2C4C03D600251655 /* Exploration */,
			);
			path = "BOT-anist-UIKit";
			sourceTree = "<group>";
		};
/* End PBXGroup section */

/* Begin PBXNativeTarget section */
		4F6801C82C46D8EE00EF97A9 /* BOT-anist-UIKit */ = {
			isa = PBXNativeTarget;
			buildConfigurationList = 4F6801E22C46D8EF00EF97A9 /* Build configuration list for PBXNativeTarget "BOT-anist-UIKit" */;
			buildPhases = (
				4F6801C52C46D8EE00EF97A9 /* Sources */,
				4F6801C62C46D8EE00EF97A9 /* Frameworks */,
				4F6801C72C46D8EE00EF97A9 /* Resources */,
			);
			buildRules = (
			);
			dependencies = (
			);
			name = "BOT-anist-UIKit";
			productName = "BOT-anist-UIKit";
			productReference = 4F6801C92C46D8EE00EF97A9 /* BOT-anist-UIKit.app */;
			productType = "com.apple.product-type.application";
		};
/* End PBXNativeTarget section */

/* Begin PBXProject section */
		4F6801C12C46D8EE00EF97A9 /* Project object */ = {
			isa = PBXProject;
			attributes = {
				BuildIndependentTargetsInParallel = 1;
				LastUpgradeCheck = 1600;
				TargetAttributes = {
					4F6801C82C46D8EE00EF97A9 = {
						CreatedOnToolsVersion = 16.0;
						LastSwiftMigration = 1600;
					};
				};
			};
			buildConfigurationList = 4F6801C42C46D8EE00EF97A9 /* Build configuration list for PBXProject "BOT-anist-UIKit" */;
			compatibilityVersion = "Xcode 15.0";
			developmentRegion = en;
			hasScannedForEncodings = 0;
			knownRegions = (
				en,
				Base,
			);
			mainGroup = 4F6801C02C46D8EE00EF97A9;
			packageReferences = (
				4F6268C02C4947C100F19F50 /* XCLocalSwiftPackageReference "Packages/BOTanistAssets" */,
			);
			productRefGroup = 4F6801CA2C46D8EE00EF97A9 /* Products */;
			projectDirPath = "";
			projectRoot = "";
			targets = (
				4F6801C82C46D8EE00EF97A9 /* BOT-anist-UIKit */,
			);
		};
/* End PBXProject section */

/* Begin PBXResourcesBuildPhase section */
		4F6801C72C46D8EE00EF97A9 /* Resources */ = {
			isa = PBXResourcesBuildPhase;
			buildActionMask = 2147483647;
			files = (
				4F6801D92C46D8EF00EF97A9 /* Assets.xcassets in Resources */,
				4F6801DC2C46D8EF00EF97A9 /* Base in Resources */,
				4F06594A2C4C095D00251655 /* autumn_field_puresky_1k.png in Resources */,
			);
			runOnlyForDeploymentPostprocessing = 0;
		};
/* End PBXResourcesBuildPhase section */

/* Begin PBXSourcesBuildPhase section */
		4F6801C52C46D8EE00EF97A9 /* Sources */ = {
			isa = PBXSourcesBuildPhase;
			buildActionMask = 2147483647;
			files = (
				4F61D03C2C4D4A7800840A45 /* RobotLoader+AnimationState.swift in Sources */,
				4FD6F6552C4B8B6A00FA4CC4 /* RobotData_Part+Suffix.swift in Sources */,
				4F0659422C4C040000251655 /* Exploration.swift in Sources */,
				4F6268BF2C4946F500F19F50 /* RobotPreview+ContentViewModel.swift in Sources */,
				4F06593D2C4BDE6F00251655 /* RobotData+Equtable.swift in Sources */,
				4FD6F65B2C4B9E0500FA4CC4 /* RobotData_Face+Index.swift in Sources */,
				4FB35EF52C478C2C00BFF649 /* RobotPreviewViewController.mm in Sources */,
				4FD6F6532C4A7EA100FA4CC4 /* Entity+forEachDescendant.swift in Sources */,
				4F06594C2C4C09D200251655 /* Exploration+ContentViewModel.swift in Sources */,
				4F6801CE2C46D8EE00EF97A9 /* AppDelegate.m in Sources */,
				4F15FA3C2C4EB28B0083DCA7 /* JointPinComponent.swift in Sources */,
				4F15FA3E2C4EB79E0083DCA7 /* JointPinSystem.swift in Sources */,
				4FD6F6592C4B9BCC00FA4CC4 /* RobotData_LightColor+Index.swift in Sources */,
				4F15FA3A2C4EA94E0083DCA7 /* mainHandler.swift in Sources */,
				4F6801DF2C46D8EF00EF97A9 /* main.mm in Sources */,
				4F0659482C4C04E300251655 /* ExplorationViewController.mm in Sources */,
				4F0ECBAD2C4815110077673A /* RobotCustomizationPickerItemModel.mm in Sources */,
				4FA0A3A52C4A3DF900CE0700 /* CxxConvertibleToCollection+Sequence.swift in Sources */,
				4FD6F6572C4B91B600FA4CC4 /* RobotData_MaterialColor+Index.swift in Sources */,
				4F0659442C4C040C00251655 /* Exploration+ContentView.swift in Sources */,
				4F0ECBA72C4813790077673A /* RobotCustomizationPickerViewModel.mm in Sources */,
				4F6268BD2C49464400F19F50 /* RobotPreview.swift in Sources */,
				4FC88CED2C48178300D4C69A /* RobotData.mm in Sources */,
				4F0ECBAA2C4813CF0077673A /* RobotCustomizationPickerSectionModel.mm in Sources */,
				4F6801D12C46D8EE00EF97A9 /* SceneDelegate.mm in Sources */,
				4FB35EF22C4787E700BFF649 /* RobotCustomizationSplitViewController.mm in Sources */,
				4F1870622C50A62E00B3ACDB /* PlantAnimationProvider.swift in Sources */,
				4F0659142C49725B00251655 /* RobotLoader.swift in Sources */,
				4FB35EAE2C46DA7500BFF649 /* RobotCustomizationPickerViewController.mm in Sources */,
				4F06594E2C4CD1C200251655 /* Exploration+RobotCharacter.swift in Sources */,
				4F6268BA2C4942AA00F19F50 /* RobotPreview+ContentView.swift in Sources */,
			);
			runOnlyForDeploymentPostprocessing = 0;
		};
/* End PBXSourcesBuildPhase section */

/* Begin PBXVariantGroup section */
		4F6801DA2C46D8EF00EF97A9 /* LaunchScreen.storyboard */ = {
			isa = PBXVariantGroup;
			children = (
				4F6801DB2C46D8EF00EF97A9 /* Base */,
			);
			name = LaunchScreen.storyboard;
			sourceTree = "<group>";
		};
/* End PBXVariantGroup section */

/* Begin XCBuildConfiguration section */
		4F6801E02C46D8EF00EF97A9 /* Debug */ = {
			isa = XCBuildConfiguration;
			buildSettings = {
				ALWAYS_SEARCH_USER_PATHS = NO;
				ASSETCATALOG_COMPILER_GENERATE_SWIFT_ASSET_SYMBOL_EXTENSIONS = YES;
				CLANG_ANALYZER_NONNULL = YES;
				CLANG_ANALYZER_NUMBER_OBJECT_CONVERSION = YES_AGGRESSIVE;
				CLANG_CXX_LANGUAGE_STANDARD = "gnu++23";
				CLANG_ENABLE_MODULES = YES;
				CLANG_ENABLE_OBJC_ARC = NO;
				CLANG_ENABLE_OBJC_WEAK = YES;
				CLANG_WARN_BLOCK_CAPTURE_AUTORELEASING = YES;
				CLANG_WARN_BOOL_CONVERSION = YES;
				CLANG_WARN_COMMA = YES;
				CLANG_WARN_CONSTANT_CONVERSION = YES;
				CLANG_WARN_DEPRECATED_OBJC_IMPLEMENTATIONS = YES;
				CLANG_WARN_DIRECT_OBJC_ISA_USAGE = YES_ERROR;
				CLANG_WARN_DOCUMENTATION_COMMENTS = YES;
				CLANG_WARN_EMPTY_BODY = YES;
				CLANG_WARN_ENUM_CONVERSION = YES;
				CLANG_WARN_INFINITE_RECURSION = YES;
				CLANG_WARN_INT_CONVERSION = YES;
				CLANG_WARN_NON_LITERAL_NULL_CONVERSION = YES;
				CLANG_WARN_OBJC_IMPLICIT_RETAIN_SELF = YES;
				CLANG_WARN_OBJC_LITERAL_CONVERSION = YES;
				CLANG_WARN_OBJC_ROOT_CLASS = YES_ERROR;
				CLANG_WARN_QUOTED_INCLUDE_IN_FRAMEWORK_HEADER = YES;
				CLANG_WARN_RANGE_LOOP_ANALYSIS = YES;
				CLANG_WARN_STRICT_PROTOTYPES = YES;
				CLANG_WARN_SUSPICIOUS_MOVE = YES;
				CLANG_WARN_UNGUARDED_AVAILABILITY = YES_AGGRESSIVE;
				CLANG_WARN_UNREACHABLE_CODE = YES;
				CLANG_WARN__DUPLICATE_METHOD_MATCH = YES;
				COPY_PHASE_STRIP = NO;
				DEBUG_INFORMATION_FORMAT = dwarf;
				ENABLE_STRICT_OBJC_MSGSEND = YES;
				ENABLE_TESTABILITY = YES;
				ENABLE_USER_SCRIPT_SANDBOXING = YES;
				GCC_C_LANGUAGE_STANDARD = gnu17;
				GCC_DYNAMIC_NO_PIC = NO;
				GCC_NO_COMMON_BLOCKS = YES;
				GCC_OPTIMIZATION_LEVEL = 0;
				GCC_PREPROCESSOR_DEFINITIONS = (
					"DEBUG=1",
					"$(inherited)",
				);
				GCC_WARN_64_TO_32_BIT_CONVERSION = YES;
				GCC_WARN_ABOUT_RETURN_TYPE = YES_ERROR;
				GCC_WARN_UNDECLARED_SELECTOR = YES;
				GCC_WARN_UNINITIALIZED_AUTOS = YES_AGGRESSIVE;
				GCC_WARN_UNUSED_FUNCTION = YES;
				GCC_WARN_UNUSED_VARIABLE = YES;
				IPHONEOS_DEPLOYMENT_TARGET = 18.0;
				LOCALIZATION_PREFERS_STRING_CATALOGS = YES;
				MTL_ENABLE_DEBUG_INFO = INCLUDE_SOURCE;
				MTL_FAST_MATH = YES;
				ONLY_ACTIVE_ARCH = YES;
				SDKROOT = iphoneos;
				SWIFT_OBJC_INTEROP_MODE = objcxx;
			};
			name = Debug;
		};
		4F6801E12C46D8EF00EF97A9 /* Release */ = {
			isa = XCBuildConfiguration;
			buildSettings = {
				ALWAYS_SEARCH_USER_PATHS = NO;
				ASSETCATALOG_COMPILER_GENERATE_SWIFT_ASSET_SYMBOL_EXTENSIONS = YES;
				CLANG_ANALYZER_NONNULL = YES;
				CLANG_ANALYZER_NUMBER_OBJECT_CONVERSION = YES_AGGRESSIVE;
				CLANG_CXX_LANGUAGE_STANDARD = "gnu++23";
				CLANG_ENABLE_MODULES = YES;
				CLANG_ENABLE_OBJC_ARC = NO;
				CLANG_ENABLE_OBJC_WEAK = YES;
				CLANG_WARN_BLOCK_CAPTURE_AUTORELEASING = YES;
				CLANG_WARN_BOOL_CONVERSION = YES;
				CLANG_WARN_COMMA = YES;
				CLANG_WARN_CONSTANT_CONVERSION = YES;
				CLANG_WARN_DEPRECATED_OBJC_IMPLEMENTATIONS = YES;
				CLANG_WARN_DIRECT_OBJC_ISA_USAGE = YES_ERROR;
				CLANG_WARN_DOCUMENTATION_COMMENTS = YES;
				CLANG_WARN_EMPTY_BODY = YES;
				CLANG_WARN_ENUM_CONVERSION = YES;
				CLANG_WARN_INFINITE_RECURSION = YES;
				CLANG_WARN_INT_CONVERSION = YES;
				CLANG_WARN_NON_LITERAL_NULL_CONVERSION = YES;
				CLANG_WARN_OBJC_IMPLICIT_RETAIN_SELF = YES;
				CLANG_WARN_OBJC_LITERAL_CONVERSION = YES;
				CLANG_WARN_OBJC_ROOT_CLASS = YES_ERROR;
				CLANG_WARN_QUOTED_INCLUDE_IN_FRAMEWORK_HEADER = YES;
				CLANG_WARN_RANGE_LOOP_ANALYSIS = YES;
				CLANG_WARN_STRICT_PROTOTYPES = YES;
				CLANG_WARN_SUSPICIOUS_MOVE = YES;
				CLANG_WARN_UNGUARDED_AVAILABILITY = YES_AGGRESSIVE;
				CLANG_WARN_UNREACHABLE_CODE = YES;
				CLANG_WARN__DUPLICATE_METHOD_MATCH = YES;
				COPY_PHASE_STRIP = NO;
				DEBUG_INFORMATION_FORMAT = "dwarf-with-dsym";
				ENABLE_NS_ASSERTIONS = NO;
				ENABLE_STRICT_OBJC_MSGSEND = YES;
				ENABLE_USER_SCRIPT_SANDBOXING = YES;
				GCC_C_LANGUAGE_STANDARD = gnu17;
				GCC_NO_COMMON_BLOCKS = YES;
				GCC_WARN_64_TO_32_BIT_CONVERSION = YES;
				GCC_WARN_ABOUT_RETURN_TYPE = YES_ERROR;
				GCC_WARN_UNDECLARED_SELECTOR = YES;
				GCC_WARN_UNINITIALIZED_AUTOS = YES_AGGRESSIVE;
				GCC_WARN_UNUSED_FUNCTION = YES;
				GCC_WARN_UNUSED_VARIABLE = YES;
				IPHONEOS_DEPLOYMENT_TARGET = 18.0;
				LOCALIZATION_PREFERS_STRING_CATALOGS = YES;
				MTL_ENABLE_DEBUG_INFO = NO;
				MTL_FAST_MATH = YES;
				SDKROOT = iphoneos;
				SWIFT_OBJC_INTEROP_MODE = objcxx;
				VALIDATE_PRODUCT = YES;
			};
			name = Release;
		};
		4F6801E32C46D8EF00EF97A9 /* Debug */ = {
			isa = XCBuildConfiguration;
			buildSettings = {
				ASSETCATALOG_COMPILER_APPICON_NAME = iOSAppIcon;
				"ASSETCATALOG_COMPILER_APPICON_NAME[sdk=xros*]" = VisionOSAppIcon;
				ASSETCATALOG_COMPILER_GLOBAL_ACCENT_COLOR_NAME = AccentColor;
				CLANG_ENABLE_MODULES = YES;
				CODE_SIGN_ENTITLEMENTS = "BOT-anist-UIKit/BOT-anist-UIKit.entitlements";
				CODE_SIGN_STYLE = Automatic;
				CURRENT_PROJECT_VERSION = 1;
				DEVELOPMENT_TEAM = P53D29U9LJ;
				GENERATE_INFOPLIST_FILE = YES;
				INFOPLIST_FILE = "BOT-anist-UIKit/Info.plist";
				INFOPLIST_KEY_UIApplicationSupportsIndirectInputEvents = YES;
				INFOPLIST_KEY_UILaunchStoryboardName = LaunchScreen;
				INFOPLIST_KEY_UISupportedInterfaceOrientations_iPad = "UIInterfaceOrientationPortrait UIInterfaceOrientationPortraitUpsideDown UIInterfaceOrientationLandscapeLeft UIInterfaceOrientationLandscapeRight";
				INFOPLIST_KEY_UISupportedInterfaceOrientations_iPhone = "UIInterfaceOrientationPortrait UIInterfaceOrientationLandscapeLeft UIInterfaceOrientationLandscapeRight";
				IPHONEOS_DEPLOYMENT_TARGET = 18.0;
				LD_RUNPATH_SEARCH_PATHS = (
					"$(inherited)",
					"@executable_path/Frameworks",
				);
				MARKETING_VERSION = 1.0;
				PRODUCT_BUNDLE_IDENTIFIER = "com.pookjw.BOT-anist-UIKit";
				PRODUCT_NAME = "$(TARGET_NAME)";
				SUPPORTED_PLATFORMS = "iphoneos iphonesimulator xros xrsimulator";
				SUPPORTS_MACCATALYST = YES;
				SUPPORTS_MAC_DESIGNED_FOR_IPHONE_IPAD = NO;
				SWIFT_EMIT_LOC_STRINGS = YES;
				SWIFT_OBJC_BRIDGING_HEADER = "BOT-anist-UIKit/BOT-anist-UIKit-Bridging-Header.h";
				SWIFT_OPTIMIZATION_LEVEL = "-Onone";
				SWIFT_VERSION = 6.0;
				TARGETED_DEVICE_FAMILY = "1,2,7";
				XROS_DEPLOYMENT_TARGET = 1.0;
			};
			name = Debug;
		};
		4F6801E42C46D8EF00EF97A9 /* Release */ = {
			isa = XCBuildConfiguration;
			buildSettings = {
				ASSETCATALOG_COMPILER_APPICON_NAME = iOSAppIcon;
				"ASSETCATALOG_COMPILER_APPICON_NAME[sdk=xros*]" = VisionOSAppIcon;
				ASSETCATALOG_COMPILER_GLOBAL_ACCENT_COLOR_NAME = AccentColor;
				CLANG_ENABLE_MODULES = YES;
				CODE_SIGN_ENTITLEMENTS = "BOT-anist-UIKit/BOT-anist-UIKit.entitlements";
				CODE_SIGN_STYLE = Automatic;
				CURRENT_PROJECT_VERSION = 1;
				DEVELOPMENT_TEAM = P53D29U9LJ;
				GENERATE_INFOPLIST_FILE = YES;
				INFOPLIST_FILE = "BOT-anist-UIKit/Info.plist";
				INFOPLIST_KEY_UIApplicationSupportsIndirectInputEvents = YES;
				INFOPLIST_KEY_UILaunchStoryboardName = LaunchScreen;
				INFOPLIST_KEY_UISupportedInterfaceOrientations_iPad = "UIInterfaceOrientationPortrait UIInterfaceOrientationPortraitUpsideDown UIInterfaceOrientationLandscapeLeft UIInterfaceOrientationLandscapeRight";
				INFOPLIST_KEY_UISupportedInterfaceOrientations_iPhone = "UIInterfaceOrientationPortrait UIInterfaceOrientationLandscapeLeft UIInterfaceOrientationLandscapeRight";
				IPHONEOS_DEPLOYMENT_TARGET = 18.0;
				LD_RUNPATH_SEARCH_PATHS = (
					"$(inherited)",
					"@executable_path/Frameworks",
				);
				MARKETING_VERSION = 1.0;
				PRODUCT_BUNDLE_IDENTIFIER = "com.pookjw.BOT-anist-UIKit";
				PRODUCT_NAME = "$(TARGET_NAME)";
				SUPPORTED_PLATFORMS = "iphoneos iphonesimulator xros xrsimulator";
				SUPPORTS_MACCATALYST = YES;
				SUPPORTS_MAC_DESIGNED_FOR_IPHONE_IPAD = NO;
				SWIFT_EMIT_LOC_STRINGS = YES;
				SWIFT_OBJC_BRIDGING_HEADER = "BOT-anist-UIKit/BOT-anist-UIKit-Bridging-Header.h";
				SWIFT_VERSION = 6.0;
				TARGETED_DEVICE_FAMILY = "1,2,7";
				XROS_DEPLOYMENT_TARGET = 1.0;
			};
			name = Release;
		};
/* End XCBuildConfiguration section */

/* Begin XCConfigurationList section */
		4F6801C42C46D8EE00EF97A9 /* Build configuration list for PBXProject "BOT-anist-UIKit" */ = {
			isa = XCConfigurationList;
			buildConfigurations = (
				4F6801E02C46D8EF00EF97A9 /* Debug */,
				4F6801E12C46D8EF00EF97A9 /* Release */,
			);
			defaultConfigurationIsVisible = 0;
			defaultConfigurationName = Release;
		};
		4F6801E22C46D8EF00EF97A9 /* Build configuration list for PBXNativeTarget "BOT-anist-UIKit" */ = {
			isa = XCConfigurationList;
			buildConfigurations = (
				4F6801E32C46D8EF00EF97A9 /* Debug */,
				4F6801E42C46D8EF00EF97A9 /* Release */,
			);
			defaultConfigurationIsVisible = 0;
			defaultConfigurationName = Release;
		};
/* End XCConfigurationList section */

/* Begin XCLocalSwiftPackageReference section */
		4F6268C02C4947C100F19F50 /* XCLocalSwiftPackageReference "Packages/BOTanistAssets" */ = {
			isa = XCLocalSwiftPackageReference;
			relativePath = Packages/BOTanistAssets;
		};
/* End XCLocalSwiftPackageReference section */

/* Begin XCSwiftPackageProductDependency section */
		4F6268C12C4947C100F19F50 /* BOTanistAssets */ = {
			isa = XCSwiftPackageProductDependency;
			productName = BOTanistAssets;
		};
/* End XCSwiftPackageProductDependency section */
	};
	rootObject = 4F6801C12C46D8EE00EF97A9 /* Project object */;
}
